
Microsoft Visual Studio Solution File, Format Version 12.00
# Visual Studio Version 16
VisualStudioVersion = 16.0.30517.126
MinimumVisualStudioVersion = 10.0.40219.1
Project("{8BC9CEB8-8B4A-11D0-8D11-00A0C91BC942}") = "Lab2", "Lab2.vcxproj", "{ACFCFB14-8E58-4CDE-8D99-6D7C45C4B05E}"
EndProject
Global
	GlobalSection(SolutionConfigurationPlatforms) = preSolution
		Debug|x64 = Debug|x64
		Debug|x86 = Debug|x86
		Release|x64 = Release|x64
		Release|x86 = Release|x86
	EndGlobalSection
	GlobalSection(ProjectConfigurationPlatforms) = postSolution
		{ACFCFB14-8E58-4CDE-8D99-6D7C45C4B05E}.Debug|x64.ActiveCfg = Debug|x64
		{ACFCFB14-8E58-4CDE-8D99-6D7C45C4B05E}.Debug|x64.Build.0 = Debug|x64
		{ACFCFB14-8E58-4CDE-8D99-6D7C45C4B05E}.Debug|x86.ActiveCfg = Debug|Win32
		{ACFCFB14-8E58-4CDE-8D99-6D7C45C4B05E}.Debug|x86.Build.0 = Debug|Win32
		{ACFCFB14-8E58-4CDE-8D99-6D7C45C4B05E}.Release|x64.ActiveCfg = Release|x64
		{ACFCFB14-8E58-4CDE-8D99-6D7C45C4B05E}.Release|x64.Build.0 = Release|x64
		{ACFCFB14-8E58-4CDE-8D99-6D7C45C4B05E}.Release|x86.ActiveCfg = Release|Win32
		{ACFCFB14-8E58-4CDE-8D99-6D7C45C4B05E}.Release|x86.Build.0 = Release|Win32
	EndGlobalSection
	GlobalSection(SolutionProperties) = preSolution
		HideSolutionNode = FALSE
	EndGlobalSection
	GlobalSection(ExtensibilityGlobals) = postSolution
		SolutionGuid = {070EAECC-AA4B-46FE-9DD1-EC8943131F87}
	EndGlobalSection
EndGlobal
